
Microsoft Visual Studio Solution File, Format Version 12.00
# Visual Studio Version 16
VisualStudioVersion = 16.0.31424.327
MinimumVisualStudioVersion = 10.0.40219.1
Project("{2150E333-8FDC-42A3-9474-1A3956D46DE8}") = "01 - Web App", "01 - Web App", "{796F5DF9-ED12-4F0A-A74E-4176CBDA93FF}"
EndProject
Project("{2150E333-8FDC-42A3-9474-1A3956D46DE8}") = "02 - Domain", "02 - Domain", "{7DA477D1-65C6-4A0D-BE9E-4F95C164B6CE}"
EndProject
Project("{2150E333-8FDC-42A3-9474-1A3956D46DE8}") = "03 - Infra", "03 - Infra", "{3A88A2EA-1895-4BC8-B7DC-7F451C5C073C}"
EndProject
Project("{9A19103F-16F7-4668-BE54-9A1E7A4F7556}") = "FormWebcamJs.WebApp", "FormWebcamJs\FormWebcamJs.WebApp\FormWebcamJs.WebApp.csproj", "{388E2F3B-8942-451C-91FA-43177C31F448}"
EndProject
Project("{9A19103F-16F7-4668-BE54-9A1E7A4F7556}") = "FormWebcamJs.Domain", "FormWebcamJs\FormWebcamJs.Domain\FormWebcamJs.Domain.csproj", "{AF9DE41E-591D-41BF-B6BC-882D08B2B147}"
EndProject
Project("{9A19103F-16F7-4668-BE54-9A1E7A4F7556}") = "FormWebcamJs.Infra", "FormWebcamJs\FormWebcamJs.Infra\FormWebcamJs.Infra.csproj", "{24A4E5BC-7684-4360-8F92-C87373C5EB79}"
EndProject
Project("{9A19103F-16F7-4668-BE54-9A1E7A4F7556}") = "FormWebcamJs.Infra.Crosscuting", "FormWebcamJs\FormWebcamJs.Infra.Crosscuting\FormWebcamJs.Infra.Crosscuting.csproj", "{0CA02E89-2363-4590-AACB-B436FEEDD95F}"
EndProject
Project("{9A19103F-16F7-4668-BE54-9A1E7A4F7556}") = "FormWebcamJs.Infra.Data", "FormWebcamJs\FormWebcamJs.Infra.Data\FormWebcamJs.Infra.Data.csproj", "{1D6C215D-B684-45D4-870F-E57C5C9252EB}"
EndProject
Global
	GlobalSection(SolutionConfigurationPlatforms) = preSolution
		Debug|Any CPU = Debug|Any CPU
		Release|Any CPU = Release|Any CPU
	EndGlobalSection
	GlobalSection(ProjectConfigurationPlatforms) = postSolution
		{388E2F3B-8942-451C-91FA-43177C31F448}.Debug|Any CPU.ActiveCfg = Debug|Any CPU
		{388E2F3B-8942-451C-91FA-43177C31F448}.Debug|Any CPU.Build.0 = Debug|Any CPU
		{388E2F3B-8942-451C-91FA-43177C31F448}.Release|Any CPU.ActiveCfg = Release|Any CPU
		{388E2F3B-8942-451C-91FA-43177C31F448}.Release|Any CPU.Build.0 = Release|Any CPU
		{AF9DE41E-591D-41BF-B6BC-882D08B2B147}.Debug|Any CPU.ActiveCfg = Debug|Any CPU
		{AF9DE41E-591D-41BF-B6BC-882D08B2B147}.Debug|Any CPU.Build.0 = Debug|Any CPU
		{AF9DE41E-591D-41BF-B6BC-882D08B2B147}.Release|Any CPU.ActiveCfg = Release|Any CPU
		{AF9DE41E-591D-41BF-B6BC-882D08B2B147}.Release|Any CPU.Build.0 = Release|Any CPU
		{24A4E5BC-7684-4360-8F92-C87373C5EB79}.Debug|Any CPU.ActiveCfg = Debug|Any CPU
		{24A4E5BC-7684-4360-8F92-C87373C5EB79}.Debug|Any CPU.Build.0 = Debug|Any CPU
		{24A4E5BC-7684-4360-8F92-C87373C5EB79}.Release|Any CPU.ActiveCfg = Release|Any CPU
		{24A4E5BC-7684-4360-8F92-C87373C5EB79}.Release|Any CPU.Build.0 = Release|Any CPU
		{0CA02E89-2363-4590-AACB-B436FEEDD95F}.Debug|Any CPU.ActiveCfg = Debug|Any CPU
		{0CA02E89-2363-4590-AACB-B436FEEDD95F}.Debug|Any CPU.Build.0 = Debug|Any CPU
		{0CA02E89-2363-4590-AACB-B436FEEDD95F}.Release|Any CPU.ActiveCfg = Release|Any CPU
		{0CA02E89-2363-4590-AACB-B436FEEDD95F}.Release|Any CPU.Build.0 = Release|Any CPU
		{1D6C215D-B684-45D4-870F-E57C5C9252EB}.Debug|Any CPU.ActiveCfg = Debug|Any CPU
		{1D6C215D-B684-45D4-870F-E57C5C9252EB}.Debug|Any CPU.Build.0 = Debug|Any CPU
		{1D6C215D-B684-45D4-870F-E57C5C9252EB}.Release|Any CPU.ActiveCfg = Release|Any CPU
		{1D6C215D-B684-45D4-870F-E57C5C9252EB}.Release|Any CPU.Build.0 = Release|Any CPU
	EndGlobalSection
	GlobalSection(SolutionProperties) = preSolution
		HideSolutionNode = FALSE
	EndGlobalSection
	GlobalSection(NestedProjects) = preSolution
		{388E2F3B-8942-451C-91FA-43177C31F448} = {796F5DF9-ED12-4F0A-A74E-4176CBDA93FF}
		{AF9DE41E-591D-41BF-B6BC-882D08B2B147} = {7DA477D1-65C6-4A0D-BE9E-4F95C164B6CE}
		{24A4E5BC-7684-4360-8F92-C87373C5EB79} = {3A88A2EA-1895-4BC8-B7DC-7F451C5C073C}
		{0CA02E89-2363-4590-AACB-B436FEEDD95F} = {3A88A2EA-1895-4BC8-B7DC-7F451C5C073C}
		{1D6C215D-B684-45D4-870F-E57C5C9252EB} = {3A88A2EA-1895-4BC8-B7DC-7F451C5C073C}
	EndGlobalSection
	GlobalSection(ExtensibilityGlobals) = postSolution
		SolutionGuid = {AE2A50A5-06E9-4F39-8DEB-228FD0E07270}
	EndGlobalSection
EndGlobal
